
Microsoft Visual Studio Solution File, Format Version 12.00
# Visual Studio Version 17
VisualStudioVersion = 17.7.34031.279
MinimumVisualStudioVersion = 10.0.40219.1
Project("{FAE04EC0-301F-11D3-BF4B-00C04F79EFBC}") = "HotelBooking.WebApi", "src\HotelBooking.WebApi\HotelBooking.WebApi.csproj", "{C19BB1E1-27A4-457B-9A25-4B3FCF959723}"
EndProject
Global
	GlobalSection(SolutionConfigurationPlatforms) = preSolution
		Debug|Any CPU = Debug|Any CPU
		Release|Any CPU = Release|Any CPU
	EndGlobalSection
	GlobalSection(ProjectConfigurationPlatforms) = postSolution
		{C19BB1E1-27A4-457B-9A25-4B3FCF959723}.Debug|Any CPU.ActiveCfg = Debug|Any CPU
		{C19BB1E1-27A4-457B-9A25-4B3FCF959723}.Debug|Any CPU.Build.0 = Debug|Any CPU
		{C19BB1E1-27A4-457B-9A25-4B3FCF959723}.Release|Any CPU.ActiveCfg = Release|Any CPU
		{C19BB1E1-27A4-457B-9A25-4B3FCF959723}.Release|Any CPU.Build.0 = Release|Any CPU
	EndGlobalSection
	GlobalSection(SolutionProperties) = preSolution
		HideSolutionNode = FALSE
	EndGlobalSection
	GlobalSection(ExtensibilityGlobals) = postSolution
		SolutionGuid = {3D5959F9-494C-4829-B4DD-6D08B5FD8EED}
	EndGlobalSection
EndGlobal
